
Microsoft Visual Studio Solution File, Format Version 12.00
# Visual Studio Version 17
VisualStudioVersion = 17.10.34928.147
MinimumVisualStudioVersion = 10.0.40219.1
Project("{9A19103F-16F7-4668-BE54-9A1E7A4F7556}") = "View", "View\View.csproj", "{670460F5-D5DC-4D48-B32D-534163D44CBB}"
EndProject
Project("{9A19103F-16F7-4668-BE54-9A1E7A4F7556}") = "Model", "Model\Model.csproj", "{73917D6C-A0B9-4E3C-B360-AF3A96092698}"
EndProject
Project("{9A19103F-16F7-4668-BE54-9A1E7A4F7556}") = "Service", "Service\Service.csproj", "{EADA605A-33D2-4E6F-96FC-A474D1EDE8A2}"
EndProject
Project("{9A19103F-16F7-4668-BE54-9A1E7A4F7556}") = "Controller", "Controller\Controller.csproj", "{CA03805A-968C-460F-A25B-556D9A9AC63C}"
EndProject
Project("{9A19103F-16F7-4668-BE54-9A1E7A4F7556}") = "Repository", "Repository\Repository.csproj", "{43F8FA79-0089-47EE-891A-69DE8A0DB0BE}"
EndProject
Global
	GlobalSection(SolutionConfigurationPlatforms) = preSolution
		Debug|Any CPU = Debug|Any CPU
		Release|Any CPU = Release|Any CPU
	EndGlobalSection
	GlobalSection(ProjectConfigurationPlatforms) = postSolution
		{670460F5-D5DC-4D48-B32D-534163D44CBB}.Debug|Any CPU.ActiveCfg = Debug|Any CPU
		{670460F5-D5DC-4D48-B32D-534163D44CBB}.Debug|Any CPU.Build.0 = Debug|Any CPU
		{670460F5-D5DC-4D48-B32D-534163D44CBB}.Release|Any CPU.ActiveCfg = Release|Any CPU
		{670460F5-D5DC-4D48-B32D-534163D44CBB}.Release|Any CPU.Build.0 = Release|Any CPU
		{73917D6C-A0B9-4E3C-B360-AF3A96092698}.Debug|Any CPU.ActiveCfg = Debug|Any CPU
		{73917D6C-A0B9-4E3C-B360-AF3A96092698}.Debug|Any CPU.Build.0 = Debug|Any CPU
		{73917D6C-A0B9-4E3C-B360-AF3A96092698}.Release|Any CPU.ActiveCfg = Release|Any CPU
		{73917D6C-A0B9-4E3C-B360-AF3A96092698}.Release|Any CPU.Build.0 = Release|Any CPU
		{EADA605A-33D2-4E6F-96FC-A474D1EDE8A2}.Debug|Any CPU.ActiveCfg = Debug|Any CPU
		{EADA605A-33D2-4E6F-96FC-A474D1EDE8A2}.Debug|Any CPU.Build.0 = Debug|Any CPU
		{EADA605A-33D2-4E6F-96FC-A474D1EDE8A2}.Release|Any CPU.ActiveCfg = Release|Any CPU
		{EADA605A-33D2-4E6F-96FC-A474D1EDE8A2}.Release|Any CPU.Build.0 = Release|Any CPU
		{CA03805A-968C-460F-A25B-556D9A9AC63C}.Debug|Any CPU.ActiveCfg = Debug|Any CPU
		{CA03805A-968C-460F-A25B-556D9A9AC63C}.Debug|Any CPU.Build.0 = Debug|Any CPU
		{CA03805A-968C-460F-A25B-556D9A9AC63C}.Release|Any CPU.ActiveCfg = Release|Any CPU
		{CA03805A-968C-460F-A25B-556D9A9AC63C}.Release|Any CPU.Build.0 = Release|Any CPU
		{43F8FA79-0089-47EE-891A-69DE8A0DB0BE}.Debug|Any CPU.ActiveCfg = Debug|Any CPU
		{43F8FA79-0089-47EE-891A-69DE8A0DB0BE}.Debug|Any CPU.Build.0 = Debug|Any CPU
		{43F8FA79-0089-47EE-891A-69DE8A0DB0BE}.Release|Any CPU.ActiveCfg = Release|Any CPU
		{43F8FA79-0089-47EE-891A-69DE8A0DB0BE}.Release|Any CPU.Build.0 = Release|Any CPU
	EndGlobalSection
	GlobalSection(SolutionProperties) = preSolution
		HideSolutionNode = FALSE
	EndGlobalSection
	GlobalSection(ExtensibilityGlobals) = postSolution
		SolutionGuid = {13789D16-AF36-490E-B7DC-518AA3704D10}
	EndGlobalSection
EndGlobal
