
Microsoft Visual Studio Solution File, Format Version 12.00
# Visual Studio Version 17
VisualStudioVersion = 17.10.34928.147
MinimumVisualStudioVersion = 10.0.40219.1
Project("{9A19103F-16F7-4668-BE54-9A1E7A4F7556}") = "View", "View\View.csproj", "{2614F3B0-71EB-4F4C-A9EE-224AE6E6F0F4}"
EndProject
Project("{9A19103F-16F7-4668-BE54-9A1E7A4F7556}") = "Controller", "Controller\Controller.csproj", "{985CCE9B-6523-4AD4-AA4C-CDE6E9E72FB1}"
EndProject
Project("{9A19103F-16F7-4668-BE54-9A1E7A4F7556}") = "Model", "..\Persist-JsonToSql\Model\Model.csproj", "{8AE1EFE8-130C-4A53-AF11-31EE0CFD6482}"
EndProject
Project("{9A19103F-16F7-4668-BE54-9A1E7A4F7556}") = "Repository", "Repository\Repository.csproj", "{98FDF105-0820-41A8-8B09-94B66C86A0D9}"
EndProject
Project("{FAE04EC0-301F-11D3-BF4B-00C04F79EFBC}") = "Service", "Service\Service.csproj", "{A36FDC41-184E-48DB-95C2-B73522479E80}"
EndProject
Global
	GlobalSection(SolutionConfigurationPlatforms) = preSolution
		Debug|Any CPU = Debug|Any CPU
		Release|Any CPU = Release|Any CPU
	EndGlobalSection
	GlobalSection(ProjectConfigurationPlatforms) = postSolution
		{2614F3B0-71EB-4F4C-A9EE-224AE6E6F0F4}.Debug|Any CPU.ActiveCfg = Debug|Any CPU
		{2614F3B0-71EB-4F4C-A9EE-224AE6E6F0F4}.Debug|Any CPU.Build.0 = Debug|Any CPU
		{2614F3B0-71EB-4F4C-A9EE-224AE6E6F0F4}.Release|Any CPU.ActiveCfg = Release|Any CPU
		{2614F3B0-71EB-4F4C-A9EE-224AE6E6F0F4}.Release|Any CPU.Build.0 = Release|Any CPU
		{985CCE9B-6523-4AD4-AA4C-CDE6E9E72FB1}.Debug|Any CPU.ActiveCfg = Debug|Any CPU
		{985CCE9B-6523-4AD4-AA4C-CDE6E9E72FB1}.Debug|Any CPU.Build.0 = Debug|Any CPU
		{985CCE9B-6523-4AD4-AA4C-CDE6E9E72FB1}.Release|Any CPU.ActiveCfg = Release|Any CPU
		{985CCE9B-6523-4AD4-AA4C-CDE6E9E72FB1}.Release|Any CPU.Build.0 = Release|Any CPU
		{8AE1EFE8-130C-4A53-AF11-31EE0CFD6482}.Debug|Any CPU.ActiveCfg = Debug|Any CPU
		{8AE1EFE8-130C-4A53-AF11-31EE0CFD6482}.Debug|Any CPU.Build.0 = Debug|Any CPU
		{8AE1EFE8-130C-4A53-AF11-31EE0CFD6482}.Release|Any CPU.ActiveCfg = Release|Any CPU
		{8AE1EFE8-130C-4A53-AF11-31EE0CFD6482}.Release|Any CPU.Build.0 = Release|Any CPU
		{98FDF105-0820-41A8-8B09-94B66C86A0D9}.Debug|Any CPU.ActiveCfg = Debug|Any CPU
		{98FDF105-0820-41A8-8B09-94B66C86A0D9}.Debug|Any CPU.Build.0 = Debug|Any CPU
		{98FDF105-0820-41A8-8B09-94B66C86A0D9}.Release|Any CPU.ActiveCfg = Release|Any CPU
		{98FDF105-0820-41A8-8B09-94B66C86A0D9}.Release|Any CPU.Build.0 = Release|Any CPU
		{A36FDC41-184E-48DB-95C2-B73522479E80}.Debug|Any CPU.ActiveCfg = Debug|Any CPU
		{A36FDC41-184E-48DB-95C2-B73522479E80}.Debug|Any CPU.Build.0 = Debug|Any CPU
		{A36FDC41-184E-48DB-95C2-B73522479E80}.Release|Any CPU.ActiveCfg = Release|Any CPU
		{A36FDC41-184E-48DB-95C2-B73522479E80}.Release|Any CPU.Build.0 = Release|Any CPU
	EndGlobalSection
	GlobalSection(SolutionProperties) = preSolution
		HideSolutionNode = FALSE
	EndGlobalSection
	GlobalSection(ExtensibilityGlobals) = postSolution
		SolutionGuid = {B6AEB9F7-70CC-4C01-A32F-4633D93E6A9C}
	EndGlobalSection
EndGlobal
